
Microsoft Visual Studio Solution File, Format Version 12.00
# Visual Studio Version 16
VisualStudioVersion = 16.0.30011.22
MinimumVisualStudioVersion = 10.0.40219.1
Project("{9A19103F-16F7-4668-BE54-9A1E7A4F7556}") = "FitBody.Api", "FitBody.Api\FitBody.Api.csproj", "{8538614B-D0CA-47CD-90D7-B50736459308}"
EndProject
Project("{9A19103F-16F7-4668-BE54-9A1E7A4F7556}") = "FitBody.Models", "FitBody.Models\FitBody.Models.csproj", "{11B904AD-687D-48B1-9770-E25B5D6AC4C5}"
EndProject
Project("{9A19103F-16F7-4668-BE54-9A1E7A4F7556}") = "FitBody.DataBase", "FitBody.DataBase\FitBody.DataBase.csproj", "{69543AC1-8569-45D2-8064-A262CEB67BD9}"
EndProject
Project("{9A19103F-16F7-4668-BE54-9A1E7A4F7556}") = "FitBody.Services", "FitBody.Services\FitBody.Services.csproj", "{8CD477C6-C740-4CB2-8DA0-1727FE21E259}"
EndProject
Project("{9A19103F-16F7-4668-BE54-9A1E7A4F7556}") = "FitBody.Common", "FitBody.Common\FitBody.Common.csproj", "{54B6A92B-2CDE-4F24-9462-F3E6121FD9B2}"
EndProject
Project("{FAE04EC0-301F-11D3-BF4B-00C04F79EFBC}") = "FitBody.Desktop", "FitBody.Desktop\FitBody.Desktop.csproj", "{FB51C7F6-0320-4E1F-96C6-18990EFEF934}"
EndProject
Project("{FAE04EC0-301F-11D3-BF4B-00C04F79EFBC}") = "FitBody.Mobile.UWP", "FitBody.Mobile\FitBody.Mobile.UWP\FitBody.Mobile.UWP.csproj", "{9297D2B2-73EC-46A2-A180-A180DC7CDD45}"
EndProject
Project("{FAE04EC0-301F-11D3-BF4B-00C04F79EFBC}") = "FitBody.Mobile.Android", "FitBody.Mobile\FitBody.Mobile.Android\FitBody.Mobile.Android.csproj", "{8F20E450-7506-4233-80CC-10DFE2B3E9BB}"
EndProject
Project("{FAE04EC0-301F-11D3-BF4B-00C04F79EFBC}") = "FitBody.Mobile.iOS", "FitBody.Mobile\FitBody.Mobile.iOS\FitBody.Mobile.iOS.csproj", "{EE41AC7C-B18C-4794-9224-6B4213B4FACB}"
EndProject
Project("{FAE04EC0-301F-11D3-BF4B-00C04F79EFBC}") = "FitBody.Mobile", "FitBody.Mobile\FitBody.Mobile\FitBody.Mobile.csproj", "{F8719DB4-2B81-4000-8026-73D463879B9B}"
EndProject
Global
	GlobalSection(SolutionConfigurationPlatforms) = preSolution
		Debug|Any CPU = Debug|Any CPU
		Debug|ARM = Debug|ARM
		Debug|iPhone = Debug|iPhone
		Debug|iPhoneSimulator = Debug|iPhoneSimulator
		Debug|x64 = Debug|x64
		Debug|x86 = Debug|x86
		Release|Any CPU = Release|Any CPU
		Release|ARM = Release|ARM
		Release|iPhone = Release|iPhone
		Release|iPhoneSimulator = Release|iPhoneSimulator
		Release|x64 = Release|x64
		Release|x86 = Release|x86
	EndGlobalSection
	GlobalSection(ProjectConfigurationPlatforms) = postSolution
		{8538614B-D0CA-47CD-90D7-B50736459308}.Debug|Any CPU.ActiveCfg = Debug|Any CPU
		{8538614B-D0CA-47CD-90D7-B50736459308}.Debug|Any CPU.Build.0 = Debug|Any CPU
		{8538614B-D0CA-47CD-90D7-B50736459308}.Debug|ARM.ActiveCfg = Debug|Any CPU
		{8538614B-D0CA-47CD-90D7-B50736459308}.Debug|ARM.Build.0 = Debug|Any CPU
		{8538614B-D0CA-47CD-90D7-B50736459308}.Debug|iPhone.ActiveCfg = Debug|Any CPU
		{8538614B-D0CA-47CD-90D7-B50736459308}.Debug|iPhone.Build.0 = Debug|Any CPU
		{8538614B-D0CA-47CD-90D7-B50736459308}.Debug|iPhoneSimulator.ActiveCfg = Debug|Any CPU
		{8538614B-D0CA-47CD-90D7-B50736459308}.Debug|iPhoneSimulator.Build.0 = Debug|Any CPU
		{8538614B-D0CA-47CD-90D7-B50736459308}.Debug|x64.ActiveCfg = Debug|Any CPU
		{8538614B-D0CA-47CD-90D7-B50736459308}.Debug|x64.Build.0 = Debug|Any CPU
		{8538614B-D0CA-47CD-90D7-B50736459308}.Debug|x86.ActiveCfg = Debug|Any CPU
		{8538614B-D0CA-47CD-90D7-B50736459308}.Debug|x86.Build.0 = Debug|Any CPU
		{8538614B-D0CA-47CD-90D7-B50736459308}.Release|Any CPU.ActiveCfg = Release|Any CPU
		{8538614B-D0CA-47CD-90D7-B50736459308}.Release|Any CPU.Build.0 = Release|Any CPU
		{8538614B-D0CA-47CD-90D7-B50736459308}.Release|ARM.ActiveCfg = Release|Any CPU
		{8538614B-D0CA-47CD-90D7-B50736459308}.Release|ARM.Build.0 = Release|Any CPU
		{8538614B-D0CA-47CD-90D7-B50736459308}.Release|iPhone.ActiveCfg = Release|Any CPU
		{8538614B-D0CA-47CD-90D7-B50736459308}.Release|iPhone.Build.0 = Release|Any CPU
		{8538614B-D0CA-47CD-90D7-B50736459308}.Release|iPhoneSimulator.ActiveCfg = Release|Any CPU
		{8538614B-D0CA-47CD-90D7-B50736459308}.Release|iPhoneSimulator.Build.0 = Release|Any CPU
		{8538614B-D0CA-47CD-90D7-B50736459308}.Release|x64.ActiveCfg = Release|Any CPU
		{8538614B-D0CA-47CD-90D7-B50736459308}.Release|x64.Build.0 = Release|Any CPU
		{8538614B-D0CA-47CD-90D7-B50736459308}.Release|x86.ActiveCfg = Release|Any CPU
		{8538614B-D0CA-47CD-90D7-B50736459308}.Release|x86.Build.0 = Release|Any CPU
		{11B904AD-687D-48B1-9770-E25B5D6AC4C5}.Debug|Any CPU.ActiveCfg = Debug|Any CPU
		{11B904AD-687D-48B1-9770-E25B5D6AC4C5}.Debug|Any CPU.Build.0 = Debug|Any CPU
		{11B904AD-687D-48B1-9770-E25B5D6AC4C5}.Debug|ARM.ActiveCfg = Debug|Any CPU
		{11B904AD-687D-48B1-9770-E25B5D6AC4C5}.Debug|ARM.Build.0 = Debug|Any CPU
		{11B904AD-687D-48B1-9770-E25B5D6AC4C5}.Debug|iPhone.ActiveCfg = Debug|Any CPU
		{11B904AD-687D-48B1-9770-E25B5D6AC4C5}.Debug|iPhone.Build.0 = Debug|Any CPU
		{11B904AD-687D-48B1-9770-E25B5D6AC4C5}.Debug|iPhoneSimulator.ActiveCfg = Debug|Any CPU
		{11B904AD-687D-48B1-9770-E25B5D6AC4C5}.Debug|iPhoneSimulator.Build.0 = Debug|Any CPU
		{11B904AD-687D-48B1-9770-E25B5D6AC4C5}.Debug|x64.ActiveCfg = Debug|Any CPU
		{11B904AD-687D-48B1-9770-E25B5D6AC4C5}.Debug|x64.Build.0 = Debug|Any CPU
		{11B904AD-687D-48B1-9770-E25B5D6AC4C5}.Debug|x86.ActiveCfg = Debug|Any CPU
		{11B904AD-687D-48B1-9770-E25B5D6AC4C5}.Debug|x86.Build.0 = Debug|Any CPU
		{11B904AD-687D-48B1-9770-E25B5D6AC4C5}.Release|Any CPU.ActiveCfg = Release|Any CPU
		{11B904AD-687D-48B1-9770-E25B5D6AC4C5}.Release|Any CPU.Build.0 = Release|Any CPU
		{11B904AD-687D-48B1-9770-E25B5D6AC4C5}.Release|ARM.ActiveCfg = Release|Any CPU
		{11B904AD-687D-48B1-9770-E25B5D6AC4C5}.Release|ARM.Build.0 = Release|Any CPU
		{11B904AD-687D-48B1-9770-E25B5D6AC4C5}.Release|iPhone.ActiveCfg = Release|Any CPU
		{11B904AD-687D-48B1-9770-E25B5D6AC4C5}.Release|iPhone.Build.0 = Release|Any CPU
		{11B904AD-687D-48B1-9770-E25B5D6AC4C5}.Release|iPhoneSimulator.ActiveCfg = Release|Any CPU
		{11B904AD-687D-48B1-9770-E25B5D6AC4C5}.Release|iPhoneSimulator.Build.0 = Release|Any CPU
		{11B904AD-687D-48B1-9770-E25B5D6AC4C5}.Release|x64.ActiveCfg = Release|Any CPU
		{11B904AD-687D-48B1-9770-E25B5D6AC4C5}.Release|x64.Build.0 = Release|Any CPU
		{11B904AD-687D-48B1-9770-E25B5D6AC4C5}.Release|x86.ActiveCfg = Release|Any CPU
		{11B904AD-687D-48B1-9770-E25B5D6AC4C5}.Release|x86.Build.0 = Release|Any CPU
		{69543AC1-8569-45D2-8064-A262CEB67BD9}.Debug|Any CPU.ActiveCfg = Debug|Any CPU
		{69543AC1-8569-45D2-8064-A262CEB67BD9}.Debug|Any CPU.Build.0 = Debug|Any CPU
		{69543AC1-8569-45D2-8064-A262CEB67BD9}.Debug|ARM.ActiveCfg = Debug|Any CPU
		{69543AC1-8569-45D2-8064-A262CEB67BD9}.Debug|ARM.Build.0 = Debug|Any CPU
		{69543AC1-8569-45D2-8064-A262CEB67BD9}.Debug|iPhone.ActiveCfg = Debug|Any CPU
		{69543AC1-8569-45D2-8064-A262CEB67BD9}.Debug|iPhone.Build.0 = Debug|Any CPU
		{69543AC1-8569-45D2-8064-A262CEB67BD9}.Debug|iPhoneSimulator.ActiveCfg = Debug|Any CPU
		{69543AC1-8569-45D2-8064-A262CEB67BD9}.Debug|iPhoneSimulator.Build.0 = Debug|Any CPU
		{69543AC1-8569-45D2-8064-A262CEB67BD9}.Debug|x64.ActiveCfg = Debug|Any CPU
		{69543AC1-8569-45D2-8064-A262CEB67BD9}.Debug|x64.Build.0 = Debug|Any CPU
		{69543AC1-8569-45D2-8064-A262CEB67BD9}.Debug|x86.ActiveCfg = Debug|Any CPU
		{69543AC1-8569-45D2-8064-A262CEB67BD9}.Debug|x86.Build.0 = Debug|Any CPU
		{69543AC1-8569-45D2-8064-A262CEB67BD9}.Release|Any CPU.ActiveCfg = Release|Any CPU
		{69543AC1-8569-45D2-8064-A262CEB67BD9}.Release|Any CPU.Build.0 = Release|Any CPU
		{69543AC1-8569-45D2-8064-A262CEB67BD9}.Release|ARM.ActiveCfg = Release|Any CPU
		{69543AC1-8569-45D2-8064-A262CEB67BD9}.Release|ARM.Build.0 = Release|Any CPU
		{69543AC1-8569-45D2-8064-A262CEB67BD9}.Release|iPhone.ActiveCfg = Release|Any CPU
		{69543AC1-8569-45D2-8064-A262CEB67BD9}.Release|iPhone.Build.0 = Release|Any CPU
		{69543AC1-8569-45D2-8064-A262CEB67BD9}.Release|iPhoneSimulator.ActiveCfg = Release|Any CPU
		{69543AC1-8569-45D2-8064-A262CEB67BD9}.Release|iPhoneSimulator.Build.0 = Release|Any CPU
		{69543AC1-8569-45D2-8064-A262CEB67BD9}.Release|x64.ActiveCfg = Release|Any CPU
		{69543AC1-8569-45D2-8064-A262CEB67BD9}.Release|x64.Build.0 = Release|Any CPU
		{69543AC1-8569-45D2-8064-A262CEB67BD9}.Release|x86.ActiveCfg = Release|Any CPU
		{69543AC1-8569-45D2-8064-A262CEB67BD9}.Release|x86.Build.0 = Release|Any CPU
		{8CD477C6-C740-4CB2-8DA0-1727FE21E259}.Debug|Any CPU.ActiveCfg = Debug|Any CPU
		{8CD477C6-C740-4CB2-8DA0-1727FE21E259}.Debug|Any CPU.Build.0 = Debug|Any CPU
		{8CD477C6-C740-4CB2-8DA0-1727FE21E259}.Debug|ARM.ActiveCfg = Debug|Any CPU
		{8CD477C6-C740-4CB2-8DA0-1727FE21E259}.Debug|ARM.Build.0 = Debug|Any CPU
		{8CD477C6-C740-4CB2-8DA0-1727FE21E259}.Debug|iPhone.ActiveCfg = Debug|Any CPU
		{8CD477C6-C740-4CB2-8DA0-1727FE21E259}.Debug|iPhone.Build.0 = Debug|Any CPU
		{8CD477C6-C740-4CB2-8DA0-1727FE21E259}.Debug|iPhoneSimulator.ActiveCfg = Debug|Any CPU
		{8CD477C6-C740-4CB2-8DA0-1727FE21E259}.Debug|iPhoneSimulator.Build.0 = Debug|Any CPU
		{8CD477C6-C740-4CB2-8DA0-1727FE21E259}.Debug|x64.ActiveCfg = Debug|Any CPU
		{8CD477C6-C740-4CB2-8DA0-1727FE21E259}.Debug|x64.Build.0 = Debug|Any CPU
		{8CD477C6-C740-4CB2-8DA0-1727FE21E259}.Debug|x86.ActiveCfg = Debug|Any CPU
		{8CD477C6-C740-4CB2-8DA0-1727FE21E259}.Debug|x86.Build.0 = Debug|Any CPU
		{8CD477C6-C740-4CB2-8DA0-1727FE21E259}.Release|Any CPU.ActiveCfg = Release|Any CPU
		{8CD477C6-C740-4CB2-8DA0-1727FE21E259}.Release|Any CPU.Build.0 = Release|Any CPU
		{8CD477C6-C740-4CB2-8DA0-1727FE21E259}.Release|ARM.ActiveCfg = Release|Any CPU
		{8CD477C6-C740-4CB2-8DA0-1727FE21E259}.Release|ARM.Build.0 = Release|Any CPU
		{8CD477C6-C740-4CB2-8DA0-1727FE21E259}.Release|iPhone.ActiveCfg = Release|Any CPU
		{8CD477C6-C740-4CB2-8DA0-1727FE21E259}.Release|iPhone.Build.0 = Release|Any CPU
		{8CD477C6-C740-4CB2-8DA0-1727FE21E259}.Release|iPhoneSimulator.ActiveCfg = Release|Any CPU
		{8CD477C6-C740-4CB2-8DA0-1727FE21E259}.Release|iPhoneSimulator.Build.0 = Release|Any CPU
		{8CD477C6-C740-4CB2-8DA0-1727FE21E259}.Release|x64.ActiveCfg = Release|Any CPU
		{8CD477C6-C740-4CB2-8DA0-1727FE21E259}.Release|x64.Build.0 = Release|Any CPU
		{8CD477C6-C740-4CB2-8DA0-1727FE21E259}.Release|x86.ActiveCfg = Release|Any CPU
		{8CD477C6-C740-4CB2-8DA0-1727FE21E259}.Release|x86.Build.0 = Release|Any CPU
		{54B6A92B-2CDE-4F24-9462-F3E6121FD9B2}.Debug|Any CPU.ActiveCfg = Debug|Any CPU
		{54B6A92B-2CDE-4F24-9462-F3E6121FD9B2}.Debug|Any CPU.Build.0 = Debug|Any CPU
		{54B6A92B-2CDE-4F24-9462-F3E6121FD9B2}.Debug|ARM.ActiveCfg = Debug|Any CPU
		{54B6A92B-2CDE-4F24-9462-F3E6121FD9B2}.Debug|ARM.Build.0 = Debug|Any CPU
		{54B6A92B-2CDE-4F24-9462-F3E6121FD9B2}.Debug|iPhone.ActiveCfg = Debug|Any CPU
		{54B6A92B-2CDE-4F24-9462-F3E6121FD9B2}.Debug|iPhone.Build.0 = Debug|Any CPU
		{54B6A92B-2CDE-4F24-9462-F3E6121FD9B2}.Debug|iPhoneSimulator.ActiveCfg = Debug|Any CPU
		{54B6A92B-2CDE-4F24-9462-F3E6121FD9B2}.Debug|iPhoneSimulator.Build.0 = Debug|Any CPU
		{54B6A92B-2CDE-4F24-9462-F3E6121FD9B2}.Debug|x64.ActiveCfg = Debug|Any CPU
		{54B6A92B-2CDE-4F24-9462-F3E6121FD9B2}.Debug|x64.Build.0 = Debug|Any CPU
		{54B6A92B-2CDE-4F24-9462-F3E6121FD9B2}.Debug|x86.ActiveCfg = Debug|Any CPU
		{54B6A92B-2CDE-4F24-9462-F3E6121FD9B2}.Debug|x86.Build.0 = Debug|Any CPU
		{54B6A92B-2CDE-4F24-9462-F3E6121FD9B2}.Release|Any CPU.ActiveCfg = Release|Any CPU
		{54B6A92B-2CDE-4F24-9462-F3E6121FD9B2}.Release|Any CPU.Build.0 = Release|Any CPU
		{54B6A92B-2CDE-4F24-9462-F3E6121FD9B2}.Release|ARM.ActiveCfg = Release|Any CPU
		{54B6A92B-2CDE-4F24-9462-F3E6121FD9B2}.Release|ARM.Build.0 = Release|Any CPU
		{54B6A92B-2CDE-4F24-9462-F3E6121FD9B2}.Release|iPhone.ActiveCfg = Release|Any CPU
		{54B6A92B-2CDE-4F24-9462-F3E6121FD9B2}.Release|iPhone.Build.0 = Release|Any CPU
		{54B6A92B-2CDE-4F24-9462-F3E6121FD9B2}.Release|iPhoneSimulator.ActiveCfg = Release|Any CPU
		{54B6A92B-2CDE-4F24-9462-F3E6121FD9B2}.Release|iPhoneSimulator.Build.0 = Release|Any CPU
		{54B6A92B-2CDE-4F24-9462-F3E6121FD9B2}.Release|x64.ActiveCfg = Release|Any CPU
		{54B6A92B-2CDE-4F24-9462-F3E6121FD9B2}.Release|x64.Build.0 = Release|Any CPU
		{54B6A92B-2CDE-4F24-9462-F3E6121FD9B2}.Release|x86.ActiveCfg = Release|Any CPU
		{54B6A92B-2CDE-4F24-9462-F3E6121FD9B2}.Release|x86.Build.0 = Release|Any CPU
		{FB51C7F6-0320-4E1F-96C6-18990EFEF934}.Debug|Any CPU.ActiveCfg = Debug|Any CPU
		{FB51C7F6-0320-4E1F-96C6-18990EFEF934}.Debug|Any CPU.Build.0 = Debug|Any CPU
		{FB51C7F6-0320-4E1F-96C6-18990EFEF934}.Debug|ARM.ActiveCfg = Debug|Any CPU
		{FB51C7F6-0320-4E1F-96C6-18990EFEF934}.Debug|ARM.Build.0 = Debug|Any CPU
		{FB51C7F6-0320-4E1F-96C6-18990EFEF934}.Debug|iPhone.ActiveCfg = Debug|Any CPU
		{FB51C7F6-0320-4E1F-96C6-18990EFEF934}.Debug|iPhone.Build.0 = Debug|Any CPU
		{FB51C7F6-0320-4E1F-96C6-18990EFEF934}.Debug|iPhoneSimulator.ActiveCfg = Debug|Any CPU
		{FB51C7F6-0320-4E1F-96C6-18990EFEF934}.Debug|iPhoneSimulator.Build.0 = Debug|Any CPU
		{FB51C7F6-0320-4E1F-96C6-18990EFEF934}.Debug|x64.ActiveCfg = Debug|Any CPU
		{FB51C7F6-0320-4E1F-96C6-18990EFEF934}.Debug|x64.Build.0 = Debug|Any CPU
		{FB51C7F6-0320-4E1F-96C6-18990EFEF934}.Debug|x86.ActiveCfg = Debug|Any CPU
		{FB51C7F6-0320-4E1F-96C6-18990EFEF934}.Debug|x86.Build.0 = Debug|Any CPU
		{FB51C7F6-0320-4E1F-96C6-18990EFEF934}.Release|Any CPU.ActiveCfg = Release|Any CPU
		{FB51C7F6-0320-4E1F-96C6-18990EFEF934}.Release|Any CPU.Build.0 = Release|Any CPU
		{FB51C7F6-0320-4E1F-96C6-18990EFEF934}.Release|ARM.ActiveCfg = Release|Any CPU
		{FB51C7F6-0320-4E1F-96C6-18990EFEF934}.Release|ARM.Build.0 = Release|Any CPU
		{FB51C7F6-0320-4E1F-96C6-18990EFEF934}.Release|iPhone.ActiveCfg = Release|Any CPU
		{FB51C7F6-0320-4E1F-96C6-18990EFEF934}.Release|iPhone.Build.0 = Release|Any CPU
		{FB51C7F6-0320-4E1F-96C6-18990EFEF934}.Release|iPhoneSimulator.ActiveCfg = Release|Any CPU
		{FB51C7F6-0320-4E1F-96C6-18990EFEF934}.Release|iPhoneSimulator.Build.0 = Release|Any CPU
		{FB51C7F6-0320-4E1F-96C6-18990EFEF934}.Release|x64.ActiveCfg = Release|Any CPU
		{FB51C7F6-0320-4E1F-96C6-18990EFEF934}.Release|x64.Build.0 = Release|Any CPU
		{FB51C7F6-0320-4E1F-96C6-18990EFEF934}.Release|x86.ActiveCfg = Release|Any CPU
		{FB51C7F6-0320-4E1F-96C6-18990EFEF934}.Release|x86.Build.0 = Release|Any CPU
		{9297D2B2-73EC-46A2-A180-A180DC7CDD45}.Debug|Any CPU.ActiveCfg = Debug|x86
		{9297D2B2-73EC-46A2-A180-A180DC7CDD45}.Debug|ARM.ActiveCfg = Debug|ARM
		{9297D2B2-73EC-46A2-A180-A180DC7CDD45}.Debug|ARM.Build.0 = Debug|ARM
		{9297D2B2-73EC-46A2-A180-A180DC7CDD45}.Debug|ARM.Deploy.0 = Debug|ARM
		{9297D2B2-73EC-46A2-A180-A180DC7CDD45}.Debug|iPhone.ActiveCfg = Debug|x86
		{9297D2B2-73EC-46A2-A180-A180DC7CDD45}.Debug|iPhoneSimulator.ActiveCfg = Debug|x86
		{9297D2B2-73EC-46A2-A180-A180DC7CDD45}.Debug|x64.ActiveCfg = Debug|x64
		{9297D2B2-73EC-46A2-A180-A180DC7CDD45}.Debug|x64.Build.0 = Debug|x64
		{9297D2B2-73EC-46A2-A180-A180DC7CDD45}.Debug|x64.Deploy.0 = Debug|x64
		{9297D2B2-73EC-46A2-A180-A180DC7CDD45}.Debug|x86.ActiveCfg = Debug|x86
		{9297D2B2-73EC-46A2-A180-A180DC7CDD45}.Debug|x86.Build.0 = Debug|x86
		{9297D2B2-73EC-46A2-A180-A180DC7CDD45}.Debug|x86.Deploy.0 = Debug|x86
		{9297D2B2-73EC-46A2-A180-A180DC7CDD45}.Release|Any CPU.ActiveCfg = Release|x86
		{9297D2B2-73EC-46A2-A180-A180DC7CDD45}.Release|ARM.ActiveCfg = Release|ARM
		{9297D2B2-73EC-46A2-A180-A180DC7CDD45}.Release|ARM.Build.0 = Release|ARM
		{9297D2B2-73EC-46A2-A180-A180DC7CDD45}.Release|ARM.Deploy.0 = Release|ARM
		{9297D2B2-73EC-46A2-A180-A180DC7CDD45}.Release|iPhone.ActiveCfg = Release|x86
		{9297D2B2-73EC-46A2-A180-A180DC7CDD45}.Release|iPhoneSimulator.ActiveCfg = Release|x86
		{9297D2B2-73EC-46A2-A180-A180DC7CDD45}.Release|x64.ActiveCfg = Release|x64
		{9297D2B2-73EC-46A2-A180-A180DC7CDD45}.Release|x64.Build.0 = Release|x64
		{9297D2B2-73EC-46A2-A180-A180DC7CDD45}.Release|x64.Deploy.0 = Release|x64
		{9297D2B2-73EC-46A2-A180-A180DC7CDD45}.Release|x86.ActiveCfg = Release|x86
		{9297D2B2-73EC-46A2-A180-A180DC7CDD45}.Release|x86.Build.0 = Release|x86
		{9297D2B2-73EC-46A2-A180-A180DC7CDD45}.Release|x86.Deploy.0 = Release|x86
		{8F20E450-7506-4233-80CC-10DFE2B3E9BB}.Debug|Any CPU.ActiveCfg = Debug|Any CPU
		{8F20E450-7506-4233-80CC-10DFE2B3E9BB}.Debug|Any CPU.Build.0 = Debug|Any CPU
		{8F20E450-7506-4233-80CC-10DFE2B3E9BB}.Debug|Any CPU.Deploy.0 = Debug|Any CPU
		{8F20E450-7506-4233-80CC-10DFE2B3E9BB}.Debug|ARM.ActiveCfg = Debug|Any CPU
		{8F20E450-7506-4233-80CC-10DFE2B3E9BB}.Debug|ARM.Build.0 = Debug|Any CPU
		{8F20E450-7506-4233-80CC-10DFE2B3E9BB}.Debug|ARM.Deploy.0 = Debug|Any CPU
		{8F20E450-7506-4233-80CC-10DFE2B3E9BB}.Debug|iPhone.ActiveCfg = Debug|Any CPU
		{8F20E450-7506-4233-80CC-10DFE2B3E9BB}.Debug|iPhone.Build.0 = Debug|Any CPU
		{8F20E450-7506-4233-80CC-10DFE2B3E9BB}.Debug|iPhone.Deploy.0 = Debug|Any CPU
		{8F20E450-7506-4233-80CC-10DFE2B3E9BB}.Debug|iPhoneSimulator.ActiveCfg = Debug|Any CPU
		{8F20E450-7506-4233-80CC-10DFE2B3E9BB}.Debug|iPhoneSimulator.Build.0 = Debug|Any CPU
		{8F20E450-7506-4233-80CC-10DFE2B3E9BB}.Debug|iPhoneSimulator.Deploy.0 = Debug|Any CPU
		{8F20E450-7506-4233-80CC-10DFE2B3E9BB}.Debug|x64.ActiveCfg = Debug|Any CPU
		{8F20E450-7506-4233-80CC-10DFE2B3E9BB}.Debug|x64.Build.0 = Debug|Any CPU
		{8F20E450-7506-4233-80CC-10DFE2B3E9BB}.Debug|x64.Deploy.0 = Debug|Any CPU
		{8F20E450-7506-4233-80CC-10DFE2B3E9BB}.Debug|x86.ActiveCfg = Debug|Any CPU
		{8F20E450-7506-4233-80CC-10DFE2B3E9BB}.Debug|x86.Build.0 = Debug|Any CPU
		{8F20E450-7506-4233-80CC-10DFE2B3E9BB}.Debug|x86.Deploy.0 = Debug|Any CPU
		{8F20E450-7506-4233-80CC-10DFE2B3E9BB}.Release|Any CPU.ActiveCfg = Release|Any CPU
		{8F20E450-7506-4233-80CC-10DFE2B3E9BB}.Release|Any CPU.Build.0 = Release|Any CPU
		{8F20E450-7506-4233-80CC-10DFE2B3E9BB}.Release|Any CPU.Deploy.0 = Release|Any CPU
		{8F20E450-7506-4233-80CC-10DFE2B3E9BB}.Release|ARM.ActiveCfg = Release|Any CPU
		{8F20E450-7506-4233-80CC-10DFE2B3E9BB}.Release|ARM.Build.0 = Release|Any CPU
		{8F20E450-7506-4233-80CC-10DFE2B3E9BB}.Release|ARM.Deploy.0 = Release|Any CPU
		{8F20E450-7506-4233-80CC-10DFE2B3E9BB}.Release|iPhone.ActiveCfg = Release|Any CPU
		{8F20E450-7506-4233-80CC-10DFE2B3E9BB}.Release|iPhone.Build.0 = Release|Any CPU
		{8F20E450-7506-4233-80CC-10DFE2B3E9BB}.Release|iPhone.Deploy.0 = Release|Any CPU
		{8F20E450-7506-4233-80CC-10DFE2B3E9BB}.Release|iPhoneSimulator.ActiveCfg = Release|Any CPU
		{8F20E450-7506-4233-80CC-10DFE2B3E9BB}.Release|iPhoneSimulator.Build.0 = Release|Any CPU
		{8F20E450-7506-4233-80CC-10DFE2B3E9BB}.Release|iPhoneSimulator.Deploy.0 = Release|Any CPU
		{8F20E450-7506-4233-80CC-10DFE2B3E9BB}.Release|x64.ActiveCfg = Release|Any CPU
		{8F20E450-7506-4233-80CC-10DFE2B3E9BB}.Release|x64.Build.0 = Release|Any CPU
		{8F20E450-7506-4233-80CC-10DFE2B3E9BB}.Release|x64.Deploy.0 = Release|Any CPU
		{8F20E450-7506-4233-80CC-10DFE2B3E9BB}.Release|x86.ActiveCfg = Release|Any CPU
		{8F20E450-7506-4233-80CC-10DFE2B3E9BB}.Release|x86.Build.0 = Release|Any CPU
		{8F20E450-7506-4233-80CC-10DFE2B3E9BB}.Release|x86.Deploy.0 = Release|Any CPU
		{EE41AC7C-B18C-4794-9224-6B4213B4FACB}.Debug|Any CPU.ActiveCfg = Debug|iPhone
		{EE41AC7C-B18C-4794-9224-6B4213B4FACB}.Debug|ARM.ActiveCfg = Debug|iPhone
		{EE41AC7C-B18C-4794-9224-6B4213B4FACB}.Debug|iPhone.ActiveCfg = Debug|iPhone
		{EE41AC7C-B18C-4794-9224-6B4213B4FACB}.Debug|iPhone.Build.0 = Debug|iPhone
		{EE41AC7C-B18C-4794-9224-6B4213B4FACB}.Debug|iPhoneSimulator.ActiveCfg = Debug|iPhoneSimulator
		{EE41AC7C-B18C-4794-9224-6B4213B4FACB}.Debug|iPhoneSimulator.Build.0 = Debug|iPhoneSimulator
		{EE41AC7C-B18C-4794-9224-6B4213B4FACB}.Debug|x64.ActiveCfg = Debug|iPhone
		{EE41AC7C-B18C-4794-9224-6B4213B4FACB}.Debug|x86.ActiveCfg = Debug|iPhone
		{EE41AC7C-B18C-4794-9224-6B4213B4FACB}.Release|Any CPU.ActiveCfg = Release|iPhone
		{EE41AC7C-B18C-4794-9224-6B4213B4FACB}.Release|ARM.ActiveCfg = Release|iPhone
		{EE41AC7C-B18C-4794-9224-6B4213B4FACB}.Release|iPhone.ActiveCfg = Release|iPhone
		{EE41AC7C-B18C-4794-9224-6B4213B4FACB}.Release|iPhone.Build.0 = Release|iPhone
		{EE41AC7C-B18C-4794-9224-6B4213B4FACB}.Release|iPhoneSimulator.ActiveCfg = Release|iPhoneSimulator
		{EE41AC7C-B18C-4794-9224-6B4213B4FACB}.Release|iPhoneSimulator.Build.0 = Release|iPhoneSimulator
		{EE41AC7C-B18C-4794-9224-6B4213B4FACB}.Release|x64.ActiveCfg = Release|iPhone
		{EE41AC7C-B18C-4794-9224-6B4213B4FACB}.Release|x86.ActiveCfg = Release|iPhone
		{F8719DB4-2B81-4000-8026-73D463879B9B}.Debug|Any CPU.ActiveCfg = Debug|Any CPU
		{F8719DB4-2B81-4000-8026-73D463879B9B}.Debug|Any CPU.Build.0 = Debug|Any CPU
		{F8719DB4-2B81-4000-8026-73D463879B9B}.Debug|ARM.ActiveCfg = Debug|Any CPU
		{F8719DB4-2B81-4000-8026-73D463879B9B}.Debug|ARM.Build.0 = Debug|Any CPU
		{F8719DB4-2B81-4000-8026-73D463879B9B}.Debug|iPhone.ActiveCfg = Debug|Any CPU
		{F8719DB4-2B81-4000-8026-73D463879B9B}.Debug|iPhone.Build.0 = Debug|Any CPU
		{F8719DB4-2B81-4000-8026-73D463879B9B}.Debug|iPhoneSimulator.ActiveCfg = Debug|Any CPU
		{F8719DB4-2B81-4000-8026-73D463879B9B}.Debug|iPhoneSimulator.Build.0 = Debug|Any CPU
		{F8719DB4-2B81-4000-8026-73D463879B9B}.Debug|x64.ActiveCfg = Debug|Any CPU
		{F8719DB4-2B81-4000-8026-73D463879B9B}.Debug|x64.Build.0 = Debug|Any CPU
		{F8719DB4-2B81-4000-8026-73D463879B9B}.Debug|x86.ActiveCfg = Debug|Any CPU
		{F8719DB4-2B81-4000-8026-73D463879B9B}.Debug|x86.Build.0 = Debug|Any CPU
		{F8719DB4-2B81-4000-8026-73D463879B9B}.Release|Any CPU.ActiveCfg = Release|Any CPU
		{F8719DB4-2B81-4000-8026-73D463879B9B}.Release|Any CPU.Build.0 = Release|Any CPU
		{F8719DB4-2B81-4000-8026-73D463879B9B}.Release|ARM.ActiveCfg = Release|Any CPU
		{F8719DB4-2B81-4000-8026-73D463879B9B}.Release|ARM.Build.0 = Release|Any CPU
		{F8719DB4-2B81-4000-8026-73D463879B9B}.Release|iPhone.ActiveCfg = Release|Any CPU
		{F8719DB4-2B81-4000-8026-73D463879B9B}.Release|iPhone.Build.0 = Release|Any CPU
		{F8719DB4-2B81-4000-8026-73D463879B9B}.Release|iPhoneSimulator.ActiveCfg = Release|Any CPU
		{F8719DB4-2B81-4000-8026-73D463879B9B}.Release|iPhoneSimulator.Build.0 = Release|Any CPU
		{F8719DB4-2B81-4000-8026-73D463879B9B}.Release|x64.ActiveCfg = Release|Any CPU
		{F8719DB4-2B81-4000-8026-73D463879B9B}.Release|x64.Build.0 = Release|Any CPU
		{F8719DB4-2B81-4000-8026-73D463879B9B}.Release|x86.ActiveCfg = Release|Any CPU
		{F8719DB4-2B81-4000-8026-73D463879B9B}.Release|x86.Build.0 = Release|Any CPU
	EndGlobalSection
	GlobalSection(SolutionProperties) = preSolution
		HideSolutionNode = FALSE
	EndGlobalSection
	GlobalSection(ExtensibilityGlobals) = postSolution
		SolutionGuid = {4828C188-D9FA-404E-8873-F6785C6836D0}
	EndGlobalSection
EndGlobal
